// !$*UTF8*$!
{
	archiveVersion = 1;
	classes = {
	};
	objectVersion = 50;
	objects = {

/* Begin PBXBuildFile section */
		E071D62A24E1785C00266E31 /* Stripify.swift in Sources */ = {isa = PBXBuildFile; fileRef = E071D62924E1785C00266E31 /* Stripify.swift */; };
		E0D6790A24D82B070025B8AE /* CardSymbolView.swift in Sources */ = {isa = PBXBuildFile; fileRef = E0D6790924D82B070025B8AE /* CardSymbolView.swift */; };
		E0D6790C24D82B3D0025B8AE /* SquiggleShape.swift in Sources */ = {isa = PBXBuildFile; fileRef = E0D6790B24D82B3D0025B8AE /* SquiggleShape.swift */; };
		E0D6790E24D82B520025B8AE /* DiamondShape.swift in Sources */ = {isa = PBXBuildFile; fileRef = E0D6790D24D82B520025B8AE /* DiamondShape.swift */; };
		E0D6791224D82BE40025B8AE /* CardView.swift in Sources */ = {isa = PBXBuildFile; fileRef = E0D6791124D82BE40025B8AE /* CardView.swift */; };
		E0EB8B5224D7079300AD183A /* SetGameApp.swift in Sources */ = {isa = PBXBuildFile; fileRef = E0EB8B5124D7079300AD183A /* SetGameApp.swift */; };
		E0EB8B5424D7079300AD183A /* SetGameView.swift in Sources */ = {isa = PBXBuildFile; fileRef = E0EB8B5324D7079300AD183A /* SetGameView.swift */; };
		E0EB8B5624D7079B00AD183A /* Assets.xcassets in Resources */ = {isa = PBXBuildFile; fileRef = E0EB8B5524D7079B00AD183A /* Assets.xcassets */; };
		E0EB8B5924D7079B00AD183A /* Preview Assets.xcassets in Resources */ = {isa = PBXBuildFile; fileRef = E0EB8B5824D7079B00AD183A /* Preview Assets.xcassets */; };
		E0EB8B6524D707DC00AD183A /* SetGame.swift in Sources */ = {isa = PBXBuildFile; fileRef = E0EB8B6424D707DC00AD183A /* SetGame.swift */; };
		E0EB8B6724D7087C00AD183A /* SetGameViewModel.swift in Sources */ = {isa = PBXBuildFile; fileRef = E0EB8B6624D7087C00AD183A /* SetGameViewModel.swift */; };
		E0EB8B6924D7116D00AD183A /* Grid.swift in Sources */ = {isa = PBXBuildFile; fileRef = E0EB8B6824D7116D00AD183A /* Grid.swift */; };
		E0EB8B6B24D7117E00AD183A /* GridLayout.swift in Sources */ = {isa = PBXBuildFile; fileRef = E0EB8B6A24D7117E00AD183A /* GridLayout.swift */; };
		E0EB8B6F24D711AA00AD183A /* Array+Identifiable.swift in Sources */ = {isa = PBXBuildFile; fileRef = E0EB8B6D24D711A900AD183A /* Array+Identifiable.swift */; };
		E0EB8B7024D711AA00AD183A /* Array+Only.swift in Sources */ = {isa = PBXBuildFile; fileRef = E0EB8B6E24D711AA00AD183A /* Array+Only.swift */; };
		E0EB8B7324D7126500AD183A /* Cardify.swift in Sources */ = {isa = PBXBuildFile; fileRef = E0EB8B7224D7126500AD183A /* Cardify.swift */; };
/* End PBXBuildFile section */

/* Begin PBXFileReference section */
		E071D62924E1785C00266E31 /* Stripify.swift */ = {isa = PBXFileReference; lastKnownFileType = sourcecode.swift; path = Stripify.swift; sourceTree = "<group>"; };
		E0D6790924D82B070025B8AE /* CardSymbolView.swift */ = {isa = PBXFileReference; lastKnownFileType = sourcecode.swift; path = CardSymbolView.swift; sourceTree = "<group>"; };
		E0D6790B24D82B3D0025B8AE /* SquiggleShape.swift */ = {isa = PBXFileReference; lastKnownFileType = sourcecode.swift; path = SquiggleShape.swift; sourceTree = "<group>"; };
		E0D6790D24D82B520025B8AE /* DiamondShape.swift */ = {isa = PBXFileReference; lastKnownFileType = sourcecode.swift; path = DiamondShape.swift; sourceTree = "<group>"; };
		E0D6791124D82BE40025B8AE /* CardView.swift */ = {isa = PBXFileReference; lastKnownFileType = sourcecode.swift; path = CardView.swift; sourceTree = "<group>"; };
		E0EB8B4E24D7079300AD183A /* SetGame.app */ = {isa = PBXFileReference; explicitFileType = wrapper.application; includeInIndex = 0; path = SetGame.app; sourceTree = BUILT_PRODUCTS_DIR; };
		E0EB8B5124D7079300AD183A /* SetGameApp.swift */ = {isa = PBXFileReference; lastKnownFileType = sourcecode.swift; path = SetGameApp.swift; sourceTree = "<group>"; };
		E0EB8B5324D7079300AD183A /* SetGameView.swift */ = {isa = PBXFileReference; lastKnownFileType = sourcecode.swift; path = SetGameView.swift; sourceTree = "<group>"; };
		E0EB8B5524D7079B00AD183A /* Assets.xcassets */ = {isa = PBXFileReference; lastKnownFileType = folder.assetcatalog; path = Assets.xcassets; sourceTree = "<group>"; };
		E0EB8B5824D7079B00AD183A /* Preview Assets.xcassets */ = {isa = PBXFileReference; lastKnownFileType = folder.assetcatalog; path = "Preview Assets.xcassets"; sourceTree = "<group>"; };
		E0EB8B5A24D7079B00AD183A /* Info.plist */ = {isa = PBXFileReference; lastKnownFileType = text.plist.xml; path = Info.plist; sourceTree = "<group>"; };
		E0EB8B6424D707DC00AD183A /* SetGame.swift */ = {isa = PBXFileReference; lastKnownFileType = sourcecode.swift; path = SetGame.swift; sourceTree = "<group>"; };
		E0EB8B6624D7087C00AD183A /* SetGameViewModel.swift */ = {isa = PBXFileReference; lastKnownFileType = sourcecode.swift; path = SetGameViewModel.swift; sourceTree = "<group>"; };
		E0EB8B6824D7116D00AD183A /* Grid.swift */ = {isa = PBXFileReference; fileEncoding = 4; lastKnownFileType = sourcecode.swift; path = Grid.swift; sourceTree = "<group>"; };
		E0EB8B6A24D7117E00AD183A /* GridLayout.swift */ = {isa = PBXFileReference; fileEncoding = 4; lastKnownFileType = sourcecode.swift; path = GridLayout.swift; sourceTree = "<group>"; };
		E0EB8B6D24D711A900AD183A /* Array+Identifiable.swift */ = {isa = PBXFileReference; fileEncoding = 4; lastKnownFileType = sourcecode.swift; path = "Array+Identifiable.swift"; sourceTree = "<group>"; };
		E0EB8B6E24D711AA00AD183A /* Array+Only.swift */ = {isa = PBXFileReference; fileEncoding = 4; lastKnownFileType = sourcecode.swift; path = "Array+Only.swift"; sourceTree = "<group>"; };
		E0EB8B7224D7126500AD183A /* Cardify.swift */ = {isa = PBXFileReference; fileEncoding = 4; lastKnownFileType = sourcecode.swift; path = Cardify.swift; sourceTree = "<group>"; };
/* End PBXFileReference section */

/* Begin PBXFrameworksBuildPhase section */
		E0EB8B4B24D7079300AD183A /* Frameworks */ = {
			isa = PBXFrameworksBuildPhase;
			buildActionMask = 2147483647;
			files = (
			);
			runOnlyForDeploymentPostprocessing = 0;
		};
/* End PBXFrameworksBuildPhase section */

/* Begin PBXGroup section */
		E0D6790F24D82B8F0025B8AE /* ViewModifiers */ = {
			isa = PBXGroup;
			children = (
				E0EB8B7224D7126500AD183A /* Cardify.swift */,
			);
			path = ViewModifiers;
			sourceTree = "<group>";
		};
		E0EB8B4524D7079300AD183A = {
			isa = PBXGroup;
			children = (
				E0EB8B5024D7079300AD183A /* SetGame */,
				E0EB8B4F24D7079300AD183A /* Products */,
			);
			sourceTree = "<group>";
		};
		E0EB8B4F24D7079300AD183A /* Products */ = {
			isa = PBXGroup;
			children = (
				E0EB8B4E24D7079300AD183A /* SetGame.app */,
			);
			name = Products;
			sourceTree = "<group>";
		};
		E0EB8B5024D7079300AD183A /* SetGame */ = {
			isa = PBXGroup;
			children = (
				E0EB8B6C24D7119700AD183A /* Extensions */,
				E0EB8B6324D707B800AD183A /* App */,
				E0EB8B6224D707AE00AD183A /* ViewModels */,
				E0EB8B6124D707AA00AD183A /* Views */,
				E0EB8B6024D707A400AD183A /* Models */,
				E0EB8B5524D7079B00AD183A /* Assets.xcassets */,
				E0EB8B5A24D7079B00AD183A /* Info.plist */,
				E0EB8B5724D7079B00AD183A /* Preview Content */,
			);
			path = SetGame;
			sourceTree = "<group>";
		};
		E0EB8B5724D7079B00AD183A /* Preview Content */ = {
			isa = PBXGroup;
			children = (
				E0EB8B5824D7079B00AD183A /* Preview Assets.xcassets */,
			);
			path = "Preview Content";
			sourceTree = "<group>";
		};
		E0EB8B6024D707A400AD183A /* Models */ = {
			isa = PBXGroup;
			children = (
				E0EB8B6424D707DC00AD183A /* SetGame.swift */,
			);
			path = Models;
			sourceTree = "<group>";
		};
		E0EB8B6124D707AA00AD183A /* Views */ = {
			isa = PBXGroup;
			children = (
				E0D6790F24D82B8F0025B8AE /* ViewModifiers */,
				E0EB8B7124D7124800AD183A /* Shapes */,
				E0EB8B5324D7079300AD183A /* SetGameView.swift */,
				E0D6791124D82BE40025B8AE /* CardView.swift */,
				E0D6790924D82B070025B8AE /* CardSymbolView.swift */,
				E0EB8B6824D7116D00AD183A /* Grid.swift */,
				E0EB8B6A24D7117E00AD183A /* GridLayout.swift */,
			);
			path = Views;
			sourceTree = "<group>";
		};
		E0EB8B6224D707AE00AD183A /* ViewModels */ = {
			isa = PBXGroup;
			children = (
				E0EB8B6624D7087C00AD183A /* SetGameViewModel.swift */,
			);
			path = ViewModels;
			sourceTree = "<group>";
		};
		E0EB8B6324D707B800AD183A /* App */ = {
			isa = PBXGroup;
			children = (
				E0EB8B5124D7079300AD183A /* SetGameApp.swift */,
			);
			path = App;
			sourceTree = "<group>";
		};
		E0EB8B6C24D7119700AD183A /* Extensions */ = {
			isa = PBXGroup;
			children = (
				E0EB8B6D24D711A900AD183A /* Array+Identifiable.swift */,
				E0EB8B6E24D711AA00AD183A /* Array+Only.swift */,
			);
			path = Extensions;
			sourceTree = "<group>";
		};
		E0EB8B7124D7124800AD183A /* Shapes */ = {
			isa = PBXGroup;
			children = (
				E0D6790D24D82B520025B8AE /* DiamondShape.swift */,
				E0D6790B24D82B3D0025B8AE /* SquiggleShape.swift */,
				E071D62924E1785C00266E31 /* Stripify.swift */,
			);
			path = Shapes;
			sourceTree = "<group>";
		};
/* End PBXGroup section */

/* Begin PBXNativeTarget section */
		E0EB8B4D24D7079300AD183A /* SetGame */ = {
			isa = PBXNativeTarget;
			buildConfigurationList = E0EB8B5D24D7079B00AD183A /* Build configuration list for PBXNativeTarget "SetGame" */;
			buildPhases = (
				E0EB8B4A24D7079300AD183A /* Sources */,
				E0EB8B4B24D7079300AD183A /* Frameworks */,
				E0EB8B4C24D7079300AD183A /* Resources */,
			);
			buildRules = (
			);
			dependencies = (
			);
			name = SetGame;
			productName = SetGame;
			productReference = E0EB8B4E24D7079300AD183A /* SetGame.app */;
			productType = "com.apple.product-type.application";
		};
/* End PBXNativeTarget section */

/* Begin PBXProject section */
		E0EB8B4624D7079300AD183A /* Project object */ = {
			isa = PBXProject;
			attributes = {
				LastSwiftUpdateCheck = 1200;
				LastUpgradeCheck = 1200;
				TargetAttributes = {
					E0EB8B4D24D7079300AD183A = {
						CreatedOnToolsVersion = 12.0;
					};
				};
			};
			buildConfigurationList = E0EB8B4924D7079300AD183A /* Build configuration list for PBXProject "SetGame" */;
			compatibilityVersion = "Xcode 9.3";
			developmentRegion = en;
			hasScannedForEncodings = 0;
			knownRegions = (
				en,
				Base,
			);
			mainGroup = E0EB8B4524D7079300AD183A;
			productRefGroup = E0EB8B4F24D7079300AD183A /* Products */;
			projectDirPath = "";
			projectRoot = "";
			targets = (
				E0EB8B4D24D7079300AD183A /* SetGame */,
			);
		};
/* End PBXProject section */

/* Begin PBXResourcesBuildPhase section */
		E0EB8B4C24D7079300AD183A /* Resources */ = {
			isa = PBXResourcesBuildPhase;
			buildActionMask = 2147483647;
			files = (
				E0EB8B5924D7079B00AD183A /* Preview Assets.xcassets in Resources */,
				E0EB8B5624D7079B00AD183A /* Assets.xcassets in Resources */,
			);
			runOnlyForDeploymentPostprocessing = 0;
		};
/* End PBXResourcesBuildPhase section */

/* Begin PBXSourcesBuildPhase section */
		E0EB8B4A24D7079300AD183A /* Sources */ = {
			isa = PBXSourcesBuildPhase;
			buildActionMask = 2147483647;
			files = (
				E0EB8B5424D7079300AD183A /* SetGameView.swift in Sources */,
				E0EB8B6524D707DC00AD183A /* SetGame.swift in Sources */,
				E0EB8B5224D7079300AD183A /* SetGameApp.swift in Sources */,
				E0D6790C24D82B3D0025B8AE /* SquiggleShape.swift in Sources */,
				E0EB8B7324D7126500AD183A /* Cardify.swift in Sources */,
				E0D6790A24D82B070025B8AE /* CardSymbolView.swift in Sources */,
				E0D6790E24D82B520025B8AE /* DiamondShape.swift in Sources */,
				E0D6791224D82BE40025B8AE /* CardView.swift in Sources */,
				E0EB8B6B24D7117E00AD183A /* GridLayout.swift in Sources */,
				E0EB8B6924D7116D00AD183A /* Grid.swift in Sources */,
				E0EB8B6F24D711AA00AD183A /* Array+Identifiable.swift in Sources */,
				E071D62A24E1785C00266E31 /* Stripify.swift in Sources */,
				E0EB8B6724D7087C00AD183A /* SetGameViewModel.swift in Sources */,
				E0EB8B7024D711AA00AD183A /* Array+Only.swift in Sources */,
			);
			runOnlyForDeploymentPostprocessing = 0;
		};
/* End PBXSourcesBuildPhase section */

/* Begin XCBuildConfiguration section */
		E0EB8B5B24D7079B00AD183A /* Debug */ = {
			isa = XCBuildConfiguration;
			buildSettings = {
				ALWAYS_SEARCH_USER_PATHS = NO;
				CLANG_ANALYZER_NONNULL = YES;
				CLANG_ANALYZER_NUMBER_OBJECT_CONVERSION = YES_AGGRESSIVE;
				CLANG_CXX_LANGUAGE_STANDARD = "gnu++14";
				CLANG_CXX_LIBRARY = "libc++";
				CLANG_ENABLE_MODULES = YES;
				CLANG_ENABLE_OBJC_ARC = YES;
				CLANG_ENABLE_OBJC_WEAK = YES;
				CLANG_WARN_BLOCK_CAPTURE_AUTORELEASING = YES;
				CLANG_WARN_BOOL_CONVERSION = YES;
				CLANG_WARN_COMMA = YES;
				CLANG_WARN_CONSTANT_CONVERSION = YES;
				CLANG_WARN_DEPRECATED_OBJC_IMPLEMENTATIONS = YES;
				CLANG_WARN_DIRECT_OBJC_ISA_USAGE = YES_ERROR;
				CLANG_WARN_DOCUMENTATION_COMMENTS = YES;
				CLANG_WARN_EMPTY_BODY = YES;
				CLANG_WARN_ENUM_CONVERSION = YES;
				CLANG_WARN_INFINITE_RECURSION = YES;
				CLANG_WARN_INT_CONVERSION = YES;
				CLANG_WARN_NON_LITERAL_NULL_CONVERSION = YES;
				CLANG_WARN_OBJC_IMPLICIT_RETAIN_SELF = YES;
				CLANG_WARN_OBJC_LITERAL_CONVERSION = YES;
				CLANG_WARN_OBJC_ROOT_CLASS = YES_ERROR;
				CLANG_WARN_QUOTED_INCLUDE_IN_FRAMEWORK_HEADER = YES;
				CLANG_WARN_RANGE_LOOP_ANALYSIS = YES;
				CLANG_WARN_STRICT_PROTOTYPES = YES;
				CLANG_WARN_SUSPICIOUS_MOVE = YES;
				CLANG_WARN_UNGUARDED_AVAILABILITY = YES_AGGRESSIVE;
				CLANG_WARN_UNREACHABLE_CODE = YES;
				CLANG_WARN__DUPLICATE_METHOD_MATCH = YES;
				COPY_PHASE_STRIP = NO;
				DEBUG_INFORMATION_FORMAT = dwarf;
				ENABLE_STRICT_OBJC_MSGSEND = YES;
				ENABLE_TESTABILITY = YES;
				GCC_C_LANGUAGE_STANDARD = gnu11;
				GCC_DYNAMIC_NO_PIC = NO;
				GCC_NO_COMMON_BLOCKS = YES;
				GCC_OPTIMIZATION_LEVEL = 0;
				GCC_PREPROCESSOR_DEFINITIONS = (
					"DEBUG=1",
					"$(inherited)",
				);
				GCC_WARN_64_TO_32_BIT_CONVERSION = YES;
				GCC_WARN_ABOUT_RETURN_TYPE = YES_ERROR;
				GCC_WARN_UNDECLARED_SELECTOR = YES;
				GCC_WARN_UNINITIALIZED_AUTOS = YES_AGGRESSIVE;
				GCC_WARN_UNUSED_FUNCTION = YES;
				GCC_WARN_UNUSED_VARIABLE = YES;
				IPHONEOS_DEPLOYMENT_TARGET = 14.0;
				MTL_ENABLE_DEBUG_INFO = INCLUDE_SOURCE;
				MTL_FAST_MATH = YES;
				ONLY_ACTIVE_ARCH = YES;
				SDKROOT = iphoneos;
				SWIFT_ACTIVE_COMPILATION_CONDITIONS = DEBUG;
				SWIFT_OPTIMIZATION_LEVEL = "-Onone";
			};
			name = Debug;
		};
		E0EB8B5C24D7079B00AD183A /* Release */ = {
			isa = XCBuildConfiguration;
			buildSettings = {
				ALWAYS_SEARCH_USER_PATHS = NO;
				CLANG_ANALYZER_NONNULL = YES;
				CLANG_ANALYZER_NUMBER_OBJECT_CONVERSION = YES_AGGRESSIVE;
				CLANG_CXX_LANGUAGE_STANDARD = "gnu++14";
				CLANG_CXX_LIBRARY = "libc++";
				CLANG_ENABLE_MODULES = YES;
				CLANG_ENABLE_OBJC_ARC = YES;
				CLANG_ENABLE_OBJC_WEAK = YES;
				CLANG_WARN_BLOCK_CAPTURE_AUTORELEASING = YES;
				CLANG_WARN_BOOL_CONVERSION = YES;
				CLANG_WARN_COMMA = YES;
				CLANG_WARN_CONSTANT_CONVERSION = YES;
				CLANG_WARN_DEPRECATED_OBJC_IMPLEMENTATIONS = YES;
				CLANG_WARN_DIRECT_OBJC_ISA_USAGE = YES_ERROR;
				CLANG_WARN_DOCUMENTATION_COMMENTS = YES;
				CLANG_WARN_EMPTY_BODY = YES;
				CLANG_WARN_ENUM_CONVERSION = YES;
				CLANG_WARN_INFINITE_RECURSION = YES;
				CLANG_WARN_INT_CONVERSION = YES;
				CLANG_WARN_NON_LITERAL_NULL_CONVERSION = YES;
				CLANG_WARN_OBJC_IMPLICIT_RETAIN_SELF = YES;
				CLANG_WARN_OBJC_LITERAL_CONVERSION = YES;
				CLANG_WARN_OBJC_ROOT_CLASS = YES_ERROR;
				CLANG_WARN_QUOTED_INCLUDE_IN_FRAMEWORK_HEADER = YES;
				CLANG_WARN_RANGE_LOOP_ANALYSIS = YES;
				CLANG_WARN_STRICT_PROTOTYPES = YES;
				CLANG_WARN_SUSPICIOUS_MOVE = YES;
				CLANG_WARN_UNGUARDED_AVAILABILITY = YES_AGGRESSIVE;
				CLANG_WARN_UNREACHABLE_CODE = YES;
				CLANG_WARN__DUPLICATE_METHOD_MATCH = YES;
				COPY_PHASE_STRIP = NO;
				DEBUG_INFORMATION_FORMAT = "dwarf-with-dsym";
				ENABLE_NS_ASSERTIONS = NO;
				ENABLE_STRICT_OBJC_MSGSEND = YES;
				GCC_C_LANGUAGE_STANDARD = gnu11;
				GCC_NO_COMMON_BLOCKS = YES;
				GCC_WARN_64_TO_32_BIT_CONVERSION = YES;
				GCC_WARN_ABOUT_RETURN_TYPE = YES_ERROR;
				GCC_WARN_UNDECLARED_SELECTOR = YES;
				GCC_WARN_UNINITIALIZED_AUTOS = YES_AGGRESSIVE;
				GCC_WARN_UNUSED_FUNCTION = YES;
				GCC_WARN_UNUSED_VARIABLE = YES;
				IPHONEOS_DEPLOYMENT_TARGET = 14.0;
				MTL_ENABLE_DEBUG_INFO = NO;
				MTL_FAST_MATH = YES;
				SDKROOT = iphoneos;
				SWIFT_COMPILATION_MODE = wholemodule;
				SWIFT_OPTIMIZATION_LEVEL = "-O";
				VALIDATE_PRODUCT = YES;
			};
			name = Release;
		};
		E0EB8B5E24D7079B00AD183A /* Debug */ = {
			isa = XCBuildConfiguration;
			buildSettings = {
				ASSETCATALOG_COMPILER_APPICON_NAME = AppIcon;
				ASSETCATALOG_COMPILER_GLOBAL_ACCENT_COLOR_NAME = AccentColor;
				CODE_SIGN_STYLE = Automatic;
				DEVELOPMENT_ASSET_PATHS = "\"SetGame/Preview Content\"";
				DEVELOPMENT_TEAM = 423H5C7Z2B;
				ENABLE_PREVIEWS = YES;
				INFOPLIST_FILE = SetGame/Info.plist;
				IPHONEOS_DEPLOYMENT_TARGET = 14.0;
				LD_RUNPATH_SEARCH_PATHS = (
					"$(inherited)",
					"@executable_path/Frameworks",
				);
				PRODUCT_BUNDLE_IDENTIFIER = com.LilyDevelopment.SetGame;
				PRODUCT_NAME = "$(TARGET_NAME)";
				SWIFT_VERSION = 5.0;
				TARGETED_DEVICE_FAMILY = "1,2";
			};
			name = Debug;
		};
		E0EB8B5F24D7079B00AD183A /* Release */ = {
			isa = XCBuildConfiguration;
			buildSettings = {
				ASSETCATALOG_COMPILER_APPICON_NAME = AppIcon;
				ASSETCATALOG_COMPILER_GLOBAL_ACCENT_COLOR_NAME = AccentColor;
				CODE_SIGN_STYLE = Automatic;
				DEVELOPMENT_ASSET_PATHS = "\"SetGame/Preview Content\"";
				DEVELOPMENT_TEAM = 423H5C7Z2B;
				ENABLE_PREVIEWS = YES;
				INFOPLIST_FILE = SetGame/Info.plist;
				IPHONEOS_DEPLOYMENT_TARGET = 14.0;
				LD_RUNPATH_SEARCH_PATHS = (
					"$(inherited)",
					"@executable_path/Frameworks",
				);
				PRODUCT_BUNDLE_IDENTIFIER = com.LilyDevelopment.SetGame;
				PRODUCT_NAME = "$(TARGET_NAME)";
				SWIFT_VERSION = 5.0;
				TARGETED_DEVICE_FAMILY = "1,2";
			};
			name = Release;
		};
/* End XCBuildConfiguration section */

/* Begin XCConfigurationList section */
		E0EB8B4924D7079300AD183A /* Build configuration list for PBXProject "SetGame" */ = {
			isa = XCConfigurationList;
			buildConfigurations = (
				E0EB8B5B24D7079B00AD183A /* Debug */,
				E0EB8B5C24D7079B00AD183A /* Release */,
			);
			defaultConfigurationIsVisible = 0;
			defaultConfigurationName = Release;
		};
		E0EB8B5D24D7079B00AD183A /* Build configuration list for PBXNativeTarget "SetGame" */ = {
			isa = XCConfigurationList;
			buildConfigurations = (
				E0EB8B5E24D7079B00AD183A /* Debug */,
				E0EB8B5F24D7079B00AD183A /* Release */,
			);
			defaultConfigurationIsVisible = 0;
			defaultConfigurationName = Release;
		};
/* End XCConfigurationList section */
	};
	rootObject = E0EB8B4624D7079300AD183A /* Project object */;
}
